// !$*UTF8*$!
{
	archiveVersion = 1;
	classes = {
	};
	objectVersion = 56;
	objects = {

/* Begin PBXBuildFile section */
		149E1F332B4D23D200855D7F /* lsat_appApp.swift in Sources */ = {isa = PBXBuildFile; fileRef = 149E1F322B4D23D200855D7F /* lsat_appApp.swift */; };
		149E1F352B4D23D200855D7F /* ContentView.swift in Sources */ = {isa = PBXBuildFile; fileRef = 149E1F342B4D23D200855D7F /* ContentView.swift */; };
		149E1F372B4D23D200855D7F /* Item.swift in Sources */ = {isa = PBXBuildFile; fileRef = 149E1F362B4D23D200855D7F /* Item.swift */; };
		149E1F392B4D23D400855D7F /* Assets.xcassets in Resources */ = {isa = PBXBuildFile; fileRef = 149E1F382B4D23D400855D7F /* Assets.xcassets */; };
		149E1F3D2B4D23D400855D7F /* Preview Assets.xcassets in Resources */ = {isa = PBXBuildFile; fileRef = 149E1F3C2B4D23D400855D7F /* Preview Assets.xcassets */; };
		149E1F472B4D23D400855D7F /* lsat_appTests.swift in Sources */ = {isa = PBXBuildFile; fileRef = 149E1F462B4D23D400855D7F /* lsat_appTests.swift */; };
		149E1F512B4D23D400855D7F /* lsat_appUITests.swift in Sources */ = {isa = PBXBuildFile; fileRef = 149E1F502B4D23D400855D7F /* lsat_appUITests.swift */; };
		149E1F532B4D23D400855D7F /* lsat_appUITestsLaunchTests.swift in Sources */ = {isa = PBXBuildFile; fileRef = 149E1F522B4D23D400855D7F /* lsat_appUITestsLaunchTests.swift */; };
/* End PBXBuildFile section */

/* Begin PBXContainerItemProxy section */
		149E1F432B4D23D400855D7F /* PBXContainerItemProxy */ = {
			isa = PBXContainerItemProxy;
			containerPortal = 149E1F272B4D23D200855D7F /* Project object */;
			proxyType = 1;
			remoteGlobalIDString = 149E1F2E2B4D23D200855D7F;
			remoteInfo = "lsat-app";
		};
		149E1F4D2B4D23D400855D7F /* PBXContainerItemProxy */ = {
			isa = PBXContainerItemProxy;
			containerPortal = 149E1F272B4D23D200855D7F /* Project object */;
			proxyType = 1;
			remoteGlobalIDString = 149E1F2E2B4D23D200855D7F;
			remoteInfo = "lsat-app";
		};
/* End PBXContainerItemProxy section */

/* Begin PBXFileReference section */
		149E1F2F2B4D23D200855D7F /* lsat-app.app */ = {isa = PBXFileReference; explicitFileType = wrapper.application; includeInIndex = 0; path = "lsat-app.app"; sourceTree = BUILT_PRODUCTS_DIR; };
		149E1F322B4D23D200855D7F /* lsat_appApp.swift */ = {isa = PBXFileReference; lastKnownFileType = sourcecode.swift; path = lsat_appApp.swift; sourceTree = "<group>"; };
		149E1F342B4D23D200855D7F /* ContentView.swift */ = {isa = PBXFileReference; lastKnownFileType = sourcecode.swift; path = ContentView.swift; sourceTree = "<group>"; };
		149E1F362B4D23D200855D7F /* Item.swift */ = {isa = PBXFileReference; lastKnownFileType = sourcecode.swift; path = Item.swift; sourceTree = "<group>"; };
		149E1F382B4D23D400855D7F /* Assets.xcassets */ = {isa = PBXFileReference; lastKnownFileType = folder.assetcatalog; path = Assets.xcassets; sourceTree = "<group>"; };
		149E1F3A2B4D23D400855D7F /* lsat_app.entitlements */ = {isa = PBXFileReference; lastKnownFileType = text.plist.entitlements; path = lsat_app.entitlements; sourceTree = "<group>"; };
		149E1F3C2B4D23D400855D7F /* Preview Assets.xcassets */ = {isa = PBXFileReference; lastKnownFileType = folder.assetcatalog; path = "Preview Assets.xcassets"; sourceTree = "<group>"; };
		149E1F422B4D23D400855D7F /* lsat-appTests.xctest */ = {isa = PBXFileReference; explicitFileType = wrapper.cfbundle; includeInIndex = 0; path = "lsat-appTests.xctest"; sourceTree = BUILT_PRODUCTS_DIR; };
		149E1F462B4D23D400855D7F /* lsat_appTests.swift */ = {isa = PBXFileReference; lastKnownFileType = sourcecode.swift; path = lsat_appTests.swift; sourceTree = "<group>"; };
		149E1F4C2B4D23D400855D7F /* lsat-appUITests.xctest */ = {isa = PBXFileReference; explicitFileType = wrapper.cfbundle; includeInIndex = 0; path = "lsat-appUITests.xctest"; sourceTree = BUILT_PRODUCTS_DIR; };
		149E1F502B4D23D400855D7F /* lsat_appUITests.swift */ = {isa = PBXFileReference; lastKnownFileType = sourcecode.swift; path = lsat_appUITests.swift; sourceTree = "<group>"; };
		149E1F522B4D23D400855D7F /* lsat_appUITestsLaunchTests.swift */ = {isa = PBXFileReference; lastKnownFileType = sourcecode.swift; path = lsat_appUITestsLaunchTests.swift; sourceTree = "<group>"; };
/* End PBXFileReference section */

/* Begin PBXFrameworksBuildPhase section */
		149E1F2C2B4D23D200855D7F /* Frameworks */ = {
			isa = PBXFrameworksBuildPhase;
			buildActionMask = 2147483647;
			files = (
			);
			runOnlyForDeploymentPostprocessing = 0;
		};
		149E1F3F2B4D23D400855D7F /* Frameworks */ = {
			isa = PBXFrameworksBuildPhase;
			buildActionMask = 2147483647;
			files = (
			);
			runOnlyForDeploymentPostprocessing = 0;
		};
		149E1F492B4D23D400855D7F /* Frameworks */ = {
			isa = PBXFrameworksBuildPhase;
			buildActionMask = 2147483647;
			files = (
			);
			runOnlyForDeploymentPostprocessing = 0;
		};
/* End PBXFrameworksBuildPhase section */

/* Begin PBXGroup section */
		149E1F262B4D23D200855D7F = {
			isa = PBXGroup;
			children = (
				149E1F312B4D23D200855D7F /* lsat-app */,
				149E1F452B4D23D400855D7F /* lsat-appTests */,
				149E1F4F2B4D23D400855D7F /* lsat-appUITests */,
				149E1F302B4D23D200855D7F /* Products */,
			);
			sourceTree = "<group>";
		};
		149E1F302B4D23D200855D7F /* Products */ = {
			isa = PBXGroup;
			children = (
				149E1F2F2B4D23D200855D7F /* lsat-app.app */,
				149E1F422B4D23D400855D7F /* lsat-appTests.xctest */,
				149E1F4C2B4D23D400855D7F /* lsat-appUITests.xctest */,
			);
			name = Products;
			sourceTree = "<group>";
		};
		149E1F312B4D23D200855D7F /* lsat-app */ = {
			isa = PBXGroup;
			children = (
				149E1F322B4D23D200855D7F /* lsat_appApp.swift */,
				149E1F342B4D23D200855D7F /* ContentView.swift */,
				149E1F362B4D23D200855D7F /* Item.swift */,
				149E1F382B4D23D400855D7F /* Assets.xcassets */,
				149E1F3A2B4D23D400855D7F /* lsat_app.entitlements */,
				149E1F3B2B4D23D400855D7F /* Preview Content */,
			);
			path = "lsat-app";
			sourceTree = "<group>";
		};
		149E1F3B2B4D23D400855D7F /* Preview Content */ = {
			isa = PBXGroup;
			children = (
				149E1F3C2B4D23D400855D7F /* Preview Assets.xcassets */,
			);
			path = "Preview Content";
			sourceTree = "<group>";
		};
		149E1F452B4D23D400855D7F /* lsat-appTests */ = {
			isa = PBXGroup;
			children = (
				149E1F462B4D23D400855D7F /* lsat_appTests.swift */,
			);
			path = "lsat-appTests";
			sourceTree = "<group>";
		};
		149E1F4F2B4D23D400855D7F /* lsat-appUITests */ = {
			isa = PBXGroup;
			children = (
				149E1F502B4D23D400855D7F /* lsat_appUITests.swift */,
				149E1F522B4D23D400855D7F /* lsat_appUITestsLaunchTests.swift */,
			);
			path = "lsat-appUITests";
			sourceTree = "<group>";
		};
/* End PBXGroup section */

/* Begin PBXNativeTarget section */
		149E1F2E2B4D23D200855D7F /* lsat-app */ = {
			isa = PBXNativeTarget;
			buildConfigurationList = 149E1F562B4D23D400855D7F /* Build configuration list for PBXNativeTarget "lsat-app" */;
			buildPhases = (
				149E1F2B2B4D23D200855D7F /* Sources */,
				149E1F2C2B4D23D200855D7F /* Frameworks */,
				149E1F2D2B4D23D200855D7F /* Resources */,
			);
			buildRules = (
			);
			dependencies = (
			);
			name = "lsat-app";
			productName = "lsat-app";
			productReference = 149E1F2F2B4D23D200855D7F /* lsat-app.app */;
			productType = "com.apple.product-type.application";
		};
		149E1F412B4D23D400855D7F /* lsat-appTests */ = {
			isa = PBXNativeTarget;
			buildConfigurationList = 149E1F592B4D23D400855D7F /* Build configuration list for PBXNativeTarget "lsat-appTests" */;
			buildPhases = (
				149E1F3E2B4D23D400855D7F /* Sources */,
				149E1F3F2B4D23D400855D7F /* Frameworks */,
				149E1F402B4D23D400855D7F /* Resources */,
			);
			buildRules = (
			);
			dependencies = (
				149E1F442B4D23D400855D7F /* PBXTargetDependency */,
			);
			name = "lsat-appTests";
			productName = "lsat-appTests";
			productReference = 149E1F422B4D23D400855D7F /* lsat-appTests.xctest */;
			productType = "com.apple.product-type.bundle.unit-test";
		};
		149E1F4B2B4D23D400855D7F /* lsat-appUITests */ = {
			isa = PBXNativeTarget;
			buildConfigurationList = 149E1F5C2B4D23D400855D7F /* Build configuration list for PBXNativeTarget "lsat-appUITests" */;
			buildPhases = (
				149E1F482B4D23D400855D7F /* Sources */,
				149E1F492B4D23D400855D7F /* Frameworks */,
				149E1F4A2B4D23D400855D7F /* Resources */,
			);
			buildRules = (
			);
			dependencies = (
				149E1F4E2B4D23D400855D7F /* PBXTargetDependency */,
			);
			name = "lsat-appUITests";
			productName = "lsat-appUITests";
			productReference = 149E1F4C2B4D23D400855D7F /* lsat-appUITests.xctest */;
			productType = "com.apple.product-type.bundle.ui-testing";
		};
/* End PBXNativeTarget section */

/* Begin PBXProject section */
		149E1F272B4D23D200855D7F /* Project object */ = {
			isa = PBXProject;
			attributes = {
				BuildIndependentTargetsInParallel = 1;
				LastSwiftUpdateCheck = 1520;
				LastUpgradeCheck = 1520;
				TargetAttributes = {
					149E1F2E2B4D23D200855D7F = {
						CreatedOnToolsVersion = 15.2;
					};
					149E1F412B4D23D400855D7F = {
						CreatedOnToolsVersion = 15.2;
						TestTargetID = 149E1F2E2B4D23D200855D7F;
					};
					149E1F4B2B4D23D400855D7F = {
						CreatedOnToolsVersion = 15.2;
						TestTargetID = 149E1F2E2B4D23D200855D7F;
					};
				};
			};
			buildConfigurationList = 149E1F2A2B4D23D200855D7F /* Build configuration list for PBXProject "lsat-app" */;
			compatibilityVersion = "Xcode 14.0";
			developmentRegion = en;
			hasScannedForEncodings = 0;
			knownRegions = (
				en,
				Base,
			);
			mainGroup = 149E1F262B4D23D200855D7F;
			productRefGroup = 149E1F302B4D23D200855D7F /* Products */;
			projectDirPath = "";
			projectRoot = "";
			targets = (
				149E1F2E2B4D23D200855D7F /* lsat-app */,
				149E1F412B4D23D400855D7F /* lsat-appTests */,
				149E1F4B2B4D23D400855D7F /* lsat-appUITests */,
			);
		};
/* End PBXProject section */

/* Begin PBXResourcesBuildPhase section */
		149E1F2D2B4D23D200855D7F /* Resources */ = {
			isa = PBXResourcesBuildPhase;
			buildActionMask = 2147483647;
			files = (
				149E1F3D2B4D23D400855D7F /* Preview Assets.xcassets in Resources */,
				149E1F392B4D23D400855D7F /* Assets.xcassets in Resources */,
			);
			runOnlyForDeploymentPostprocessing = 0;
		};
		149E1F402B4D23D400855D7F /* Resources */ = {
			isa = PBXResourcesBuildPhase;
			buildActionMask = 2147483647;
			files = (
			);
			runOnlyForDeploymentPostprocessing = 0;
		};
		149E1F4A2B4D23D400855D7F /* Resources */ = {
			isa = PBXResourcesBuildPhase;
			buildActionMask = 2147483647;
			files = (
			);
			runOnlyForDeploymentPostprocessing = 0;
		};
/* End PBXResourcesBuildPhase section */

/* Begin PBXSourcesBuildPhase section */
		149E1F2B2B4D23D200855D7F /* Sources */ = {
			isa = PBXSourcesBuildPhase;
			buildActionMask = 2147483647;
			files = (
				149E1F352B4D23D200855D7F /* ContentView.swift in Sources */,
				149E1F372B4D23D200855D7F /* Item.swift in Sources */,
				149E1F332B4D23D200855D7F /* lsat_appApp.swift in Sources */,
			);
			runOnlyForDeploymentPostprocessing = 0;
		};
		149E1F3E2B4D23D400855D7F /* Sources */ = {
			isa = PBXSourcesBuildPhase;
			buildActionMask = 2147483647;
			files = (
				149E1F472B4D23D400855D7F /* lsat_appTests.swift in Sources */,
			);
			runOnlyForDeploymentPostprocessing = 0;
		};
		149E1F482B4D23D400855D7F /* Sources */ = {
			isa = PBXSourcesBuildPhase;
			buildActionMask = 2147483647;
			files = (
				149E1F532B4D23D400855D7F /* lsat_appUITestsLaunchTests.swift in Sources */,
				149E1F512B4D23D400855D7F /* lsat_appUITests.swift in Sources */,
			);
			runOnlyForDeploymentPostprocessing = 0;
		};
/* End PBXSourcesBuildPhase section */

/* Begin PBXTargetDependency section */
		149E1F442B4D23D400855D7F /* PBXTargetDependency */ = {
			isa = PBXTargetDependency;
			target = 149E1F2E2B4D23D200855D7F /* lsat-app */;
			targetProxy = 149E1F432B4D23D400855D7F /* PBXContainerItemProxy */;
		};
		149E1F4E2B4D23D400855D7F /* PBXTargetDependency */ = {
			isa = PBXTargetDependency;
			target = 149E1F2E2B4D23D200855D7F /* lsat-app */;
			targetProxy = 149E1F4D2B4D23D400855D7F /* PBXContainerItemProxy */;
		};
/* End PBXTargetDependency section */

/* Begin XCBuildConfiguration section */
		149E1F542B4D23D400855D7F /* Debug */ = {
			isa = XCBuildConfiguration;
			buildSettings = {
				ALWAYS_SEARCH_USER_PATHS = NO;
				ASSETCATALOG_COMPILER_GENERATE_SWIFT_ASSET_SYMBOL_EXTENSIONS = YES;
				CLANG_ANALYZER_NONNULL = YES;
				CLANG_ANALYZER_NUMBER_OBJECT_CONVERSION = YES_AGGRESSIVE;
				CLANG_CXX_LANGUAGE_STANDARD = "gnu++20";
				CLANG_ENABLE_MODULES = YES;
				CLANG_ENABLE_OBJC_ARC = YES;
				CLANG_ENABLE_OBJC_WEAK = YES;
				CLANG_WARN_BLOCK_CAPTURE_AUTORELEASING = YES;
				CLANG_WARN_BOOL_CONVERSION = YES;
				CLANG_WARN_COMMA = YES;
				CLANG_WARN_CONSTANT_CONVERSION = YES;
				CLANG_WARN_DEPRECATED_OBJC_IMPLEMENTATIONS = YES;
				CLANG_WARN_DIRECT_OBJC_ISA_USAGE = YES_ERROR;
				CLANG_WARN_DOCUMENTATION_COMMENTS = YES;
				CLANG_WARN_EMPTY_BODY = YES;
				CLANG_WARN_ENUM_CONVERSION = YES;
				CLANG_WARN_INFINITE_RECURSION = YES;
				CLANG_WARN_INT_CONVERSION = YES;
				CLANG_WARN_NON_LITERAL_NULL_CONVERSION = YES;
				CLANG_WARN_OBJC_IMPLICIT_RETAIN_SELF = YES;
				CLANG_WARN_OBJC_LITERAL_CONVERSION = YES;
				CLANG_WARN_OBJC_ROOT_CLASS = YES_ERROR;
				CLANG_WARN_QUOTED_INCLUDE_IN_FRAMEWORK_HEADER = YES;
				CLANG_WARN_RANGE_LOOP_ANALYSIS = YES;
				CLANG_WARN_STRICT_PROTOTYPES = YES;
				CLANG_WARN_SUSPICIOUS_MOVE = YES;
				CLANG_WARN_UNGUARDED_AVAILABILITY = YES_AGGRESSIVE;
				CLANG_WARN_UNREACHABLE_CODE = YES;
				CLANG_WARN__DUPLICATE_METHOD_MATCH = YES;
				COPY_PHASE_STRIP = NO;
				DEBUG_INFORMATION_FORMAT = dwarf;
				ENABLE_STRICT_OBJC_MSGSEND = YES;
				ENABLE_TESTABILITY = YES;
				ENABLE_USER_SCRIPT_SANDBOXING = YES;
				GCC_C_LANGUAGE_STANDARD = gnu17;
				GCC_DYNAMIC_NO_PIC = NO;
				GCC_NO_COMMON_BLOCKS = YES;
				GCC_OPTIMIZATION_LEVEL = 0;
				GCC_PREPROCESSOR_DEFINITIONS = (
					"DEBUG=1",
					"$(inherited)",
				);
				GCC_WARN_64_TO_32_BIT_CONVERSION = YES;
				GCC_WARN_ABOUT_RETURN_TYPE = YES_ERROR;
				GCC_WARN_UNDECLARED_SELECTOR = YES;
				GCC_WARN_UNINITIALIZED_AUTOS = YES_AGGRESSIVE;
				GCC_WARN_UNUSED_FUNCTION = YES;
				GCC_WARN_UNUSED_VARIABLE = YES;
				LOCALIZATION_PREFERS_STRING_CATALOGS = YES;
				MTL_ENABLE_DEBUG_INFO = INCLUDE_SOURCE;
				MTL_FAST_MATH = YES;
				ONLY_ACTIVE_ARCH = YES;
				SWIFT_ACTIVE_COMPILATION_CONDITIONS = "DEBUG $(inherited)";
				SWIFT_OPTIMIZATION_LEVEL = "-Onone";
			};
			name = Debug;
		};
		149E1F552B4D23D400855D7F /* Release */ = {
			isa = XCBuildConfiguration;
			buildSettings = {
				ALWAYS_SEARCH_USER_PATHS = NO;
				ASSETCATALOG_COMPILER_GENERATE_SWIFT_ASSET_SYMBOL_EXTENSIONS = YES;
				CLANG_ANALYZER_NONNULL = YES;
				CLANG_ANALYZER_NUMBER_OBJECT_CONVERSION = YES_AGGRESSIVE;
				CLANG_CXX_LANGUAGE_STANDARD = "gnu++20";
				CLANG_ENABLE_MODULES = YES;
				CLANG_ENABLE_OBJC_ARC = YES;
				CLANG_ENABLE_OBJC_WEAK = YES;
				CLANG_WARN_BLOCK_CAPTURE_AUTORELEASING = YES;
				CLANG_WARN_BOOL_CONVERSION = YES;
				CLANG_WARN_COMMA = YES;
				CLANG_WARN_CONSTANT_CONVERSION = YES;
				CLANG_WARN_DEPRECATED_OBJC_IMPLEMENTATIONS = YES;
				CLANG_WARN_DIRECT_OBJC_ISA_USAGE = YES_ERROR;
				CLANG_WARN_DOCUMENTATION_COMMENTS = YES;
				CLANG_WARN_EMPTY_BODY = YES;
				CLANG_WARN_ENUM_CONVERSION = YES;
				CLANG_WARN_INFINITE_RECURSION = YES;
				CLANG_WARN_INT_CONVERSION = YES;
				CLANG_WARN_NON_LITERAL_NULL_CONVERSION = YES;
				CLANG_WARN_OBJC_IMPLICIT_RETAIN_SELF = YES;
				CLANG_WARN_OBJC_LITERAL_CONVERSION = YES;
				CLANG_WARN_OBJC_ROOT_CLASS = YES_ERROR;
				CLANG_WARN_QUOTED_INCLUDE_IN_FRAMEWORK_HEADER = YES;
				CLANG_WARN_RANGE_LOOP_ANALYSIS = YES;
				CLANG_WARN_STRICT_PROTOTYPES = YES;
				CLANG_WARN_SUSPICIOUS_MOVE = YES;
				CLANG_WARN_UNGUARDED_AVAILABILITY = YES_AGGRESSIVE;
				CLANG_WARN_UNREACHABLE_CODE = YES;
				CLANG_WARN__DUPLICATE_METHOD_MATCH = YES;
				COPY_PHASE_STRIP = NO;
				DEBUG_INFORMATION_FORMAT = "dwarf-with-dsym";
				ENABLE_NS_ASSERTIONS = NO;
				ENABLE_STRICT_OBJC_MSGSEND = YES;
				ENABLE_USER_SCRIPT_SANDBOXING = YES;
				GCC_C_LANGUAGE_STANDARD = gnu17;
				GCC_NO_COMMON_BLOCKS = YES;
				GCC_WARN_64_TO_32_BIT_CONVERSION = YES;
				GCC_WARN_ABOUT_RETURN_TYPE = YES_ERROR;
				GCC_WARN_UNDECLARED_SELECTOR = YES;
				GCC_WARN_UNINITIALIZED_AUTOS = YES_AGGRESSIVE;
				GCC_WARN_UNUSED_FUNCTION = YES;
				GCC_WARN_UNUSED_VARIABLE = YES;
				LOCALIZATION_PREFERS_STRING_CATALOGS = YES;
				MTL_ENABLE_DEBUG_INFO = NO;
				MTL_FAST_MATH = YES;
				SWIFT_COMPILATION_MODE = wholemodule;
			};
			name = Release;
		};
		149E1F572B4D23D400855D7F /* Debug */ = {
			isa = XCBuildConfiguration;
			buildSettings = {
				ASSETCATALOG_COMPILER_APPICON_NAME = AppIcon;
				ASSETCATALOG_COMPILER_GLOBAL_ACCENT_COLOR_NAME = AccentColor;
				CODE_SIGN_ENTITLEMENTS = "lsat-app/lsat_app.entitlements";
				CODE_SIGN_STYLE = Automatic;
				CURRENT_PROJECT_VERSION = 1;
				DEVELOPMENT_ASSET_PATHS = "\"lsat-app/Preview Content\"";
				DEVELOPMENT_TEAM = J976Y5MQ3D;
				ENABLE_HARDENED_RUNTIME = YES;
				ENABLE_PREVIEWS = YES;
				GENERATE_INFOPLIST_FILE = YES;
				"INFOPLIST_KEY_UIApplicationSceneManifest_Generation[sdk=iphoneos*]" = YES;
				"INFOPLIST_KEY_UIApplicationSceneManifest_Generation[sdk=iphonesimulator*]" = YES;
				"INFOPLIST_KEY_UIApplicationSupportsIndirectInputEvents[sdk=iphoneos*]" = YES;
				"INFOPLIST_KEY_UIApplicationSupportsIndirectInputEvents[sdk=iphonesimulator*]" = YES;
				"INFOPLIST_KEY_UILaunchScreen_Generation[sdk=iphoneos*]" = YES;
				"INFOPLIST_KEY_UILaunchScreen_Generation[sdk=iphonesimulator*]" = YES;
				"INFOPLIST_KEY_UIStatusBarStyle[sdk=iphoneos*]" = UIStatusBarStyleDefault;
				"INFOPLIST_KEY_UIStatusBarStyle[sdk=iphonesimulator*]" = UIStatusBarStyleDefault;
				INFOPLIST_KEY_UISupportedInterfaceOrientations_iPad = "UIInterfaceOrientationPortrait UIInterfaceOrientationPortraitUpsideDown UIInterfaceOrientationLandscapeLeft UIInterfaceOrientationLandscapeRight";
				INFOPLIST_KEY_UISupportedInterfaceOrientations_iPhone = "UIInterfaceOrientationPortrait UIInterfaceOrientationLandscapeLeft UIInterfaceOrientationLandscapeRight";
				IPHONEOS_DEPLOYMENT_TARGET = 17.2;
				LD_RUNPATH_SEARCH_PATHS = "@executable_path/Frameworks";
				"LD_RUNPATH_SEARCH_PATHS[sdk=macosx*]" = "@executable_path/../Frameworks";
				MACOSX_DEPLOYMENT_TARGET = 14.0;
				MARKETING_VERSION = 1.0;
				PRODUCT_BUNDLE_IDENTIFIER = "brandnap.lsat-app";
				PRODUCT_NAME = "$(TARGET_NAME)";
				SDKROOT = auto;
				SUPPORTED_PLATFORMS = "iphoneos iphonesimulator macosx";
				SWIFT_EMIT_LOC_STRINGS = YES;
				SWIFT_VERSION = 5.0;
				TARGETED_DEVICE_FAMILY = "1,2";
			};
			name = Debug;
		};
		149E1F582B4D23D400855D7F /* Release */ = {
			isa = XCBuildConfiguration;
			buildSettings = {
				ASSETCATALOG_COMPILER_APPICON_NAME = AppIcon;
				ASSETCATALOG_COMPILER_GLOBAL_ACCENT_COLOR_NAME = AccentColor;
				CODE_SIGN_ENTITLEMENTS = "lsat-app/lsat_app.entitlements";
				CODE_SIGN_STYLE = Automatic;
				CURRENT_PROJECT_VERSION = 1;
				DEVELOPMENT_ASSET_PATHS = "\"lsat-app/Preview Content\"";
				DEVELOPMENT_TEAM = J976Y5MQ3D;
				ENABLE_HARDENED_RUNTIME = YES;
				ENABLE_PREVIEWS = YES;
				GENERATE_INFOPLIST_FILE = YES;
				"INFOPLIST_KEY_UIApplicationSceneManifest_Generation[sdk=iphoneos*]" = YES;
				"INFOPLIST_KEY_UIApplicationSceneManifest_Generation[sdk=iphonesimulator*]" = YES;
				"INFOPLIST_KEY_UIApplicationSupportsIndirectInputEvents[sdk=iphoneos*]" = YES;
				"INFOPLIST_KEY_UIApplicationSupportsIndirectInputEvents[sdk=iphonesimulator*]" = YES;
				"INFOPLIST_KEY_UILaunchScreen_Generation[sdk=iphoneos*]" = YES;
				"INFOPLIST_KEY_UILaunchScreen_Generation[sdk=iphonesimulator*]" = YES;
				"INFOPLIST_KEY_UIStatusBarStyle[sdk=iphoneos*]" = UIStatusBarStyleDefault;
				"INFOPLIST_KEY_UIStatusBarStyle[sdk=iphonesimulator*]" = UIStatusBarStyleDefault;
				INFOPLIST_KEY_UISupportedInterfaceOrientations_iPad = "UIInterfaceOrientationPortrait UIInterfaceOrientationPortraitUpsideDown UIInterfaceOrientationLandscapeLeft UIInterfaceOrientationLandscapeRight";
				INFOPLIST_KEY_UISupportedInterfaceOrientations_iPhone = "UIInterfaceOrientationPortrait UIInterfaceOrientationLandscapeLeft UIInterfaceOrientationLandscapeRight";
				IPHONEOS_DEPLOYMENT_TARGET = 17.2;
				LD_RUNPATH_SEARCH_PATHS = "@executable_path/Frameworks";
				"LD_RUNPATH_SEARCH_PATHS[sdk=macosx*]" = "@executable_path/../Frameworks";
				MACOSX_DEPLOYMENT_TARGET = 14.0;
				MARKETING_VERSION = 1.0;
				PRODUCT_BUNDLE_IDENTIFIER = "brandnap.lsat-app";
				PRODUCT_NAME = "$(TARGET_NAME)";
				SDKROOT = auto;
				SUPPORTED_PLATFORMS = "iphoneos iphonesimulator macosx";
				SWIFT_EMIT_LOC_STRINGS = YES;
				SWIFT_VERSION = 5.0;
				TARGETED_DEVICE_FAMILY = "1,2";
			};
			name = Release;
		};
		149E1F5A2B4D23D400855D7F /* Debug */ = {
			isa = XCBuildConfiguration;
			buildSettings = {
				ALWAYS_EMBED_SWIFT_STANDARD_LIBRARIES = YES;
				BUNDLE_LOADER = "$(TEST_HOST)";
				CODE_SIGN_STYLE = Automatic;
				CURRENT_PROJECT_VERSION = 1;
				DEVELOPMENT_TEAM = J976Y5MQ3D;
				GENERATE_INFOPLIST_FILE = YES;
				IPHONEOS_DEPLOYMENT_TARGET = 17.2;
				MACOSX_DEPLOYMENT_TARGET = 14.2;
				MARKETING_VERSION = 1.0;
				PRODUCT_BUNDLE_IDENTIFIER = "brandnap.lsat-appTests";
				PRODUCT_NAME = "$(TARGET_NAME)";
				SDKROOT = auto;
				SUPPORTED_PLATFORMS = "iphoneos iphonesimulator macosx";
				SWIFT_EMIT_LOC_STRINGS = NO;
				SWIFT_VERSION = 5.0;
				TARGETED_DEVICE_FAMILY = "1,2";
				TEST_HOST = "$(BUILT_PRODUCTS_DIR)/lsat-app.app/$(BUNDLE_EXECUTABLE_FOLDER_PATH)/lsat-app";
			};
			name = Debug;
		};
		149E1F5B2B4D23D400855D7F /* Release */ = {
			isa = XCBuildConfiguration;
			buildSettings = {
				ALWAYS_EMBED_SWIFT_STANDARD_LIBRARIES = YES;
				BUNDLE_LOADER = "$(TEST_HOST)";
				CODE_SIGN_STYLE = Automatic;
				CURRENT_PROJECT_VERSION = 1;
				DEVELOPMENT_TEAM = J976Y5MQ3D;
				GENERATE_INFOPLIST_FILE = YES;
				IPHONEOS_DEPLOYMENT_TARGET = 17.2;
				MACOSX_DEPLOYMENT_TARGET = 14.2;
				MARKETING_VERSION = 1.0;
				PRODUCT_BUNDLE_IDENTIFIER = "brandnap.lsat-appTests";
				PRODUCT_NAME = "$(TARGET_NAME)";
				SDKROOT = auto;
				SUPPORTED_PLATFORMS = "iphoneos iphonesimulator macosx";
				SWIFT_EMIT_LOC_STRINGS = NO;
				SWIFT_VERSION = 5.0;
				TARGETED_DEVICE_FAMILY = "1,2";
				TEST_HOST = "$(BUILT_PRODUCTS_DIR)/lsat-app.app/$(BUNDLE_EXECUTABLE_FOLDER_PATH)/lsat-app";
			};
			name = Release;
		};
		149E1F5D2B4D23D400855D7F /* Debug */ = {
			isa = XCBuildConfiguration;
			buildSettings = {
				ALWAYS_EMBED_SWIFT_STANDARD_LIBRARIES = YES;
				CODE_SIGN_STYLE = Automatic;
				CURRENT_PROJECT_VERSION = 1;
				DEVELOPMENT_TEAM = J976Y5MQ3D;
				GENERATE_INFOPLIST_FILE = YES;
				IPHONEOS_DEPLOYMENT_TARGET = 17.2;
				MACOSX_DEPLOYMENT_TARGET = 14.2;
				MARKETING_VERSION = 1.0;
				PRODUCT_BUNDLE_IDENTIFIER = "brandnap.lsat-appUITests";
				PRODUCT_NAME = "$(TARGET_NAME)";
				SDKROOT = auto;
				SUPPORTED_PLATFORMS = "iphoneos iphonesimulator macosx";
				SWIFT_EMIT_LOC_STRINGS = NO;
				SWIFT_VERSION = 5.0;
				TARGETED_DEVICE_FAMILY = "1,2";
				TEST_TARGET_NAME = "lsat-app";
			};
			name = Debug;
		};
		149E1F5E2B4D23D400855D7F /* Release */ = {
			isa = XCBuildConfiguration;
			buildSettings = {
				ALWAYS_EMBED_SWIFT_STANDARD_LIBRARIES = YES;
				CODE_SIGN_STYLE = Automatic;
				CURRENT_PROJECT_VERSION = 1;
				DEVELOPMENT_TEAM = J976Y5MQ3D;
				GENERATE_INFOPLIST_FILE = YES;
				IPHONEOS_DEPLOYMENT_TARGET = 17.2;
				MACOSX_DEPLOYMENT_TARGET = 14.2;
				MARKETING_VERSION = 1.0;
				PRODUCT_BUNDLE_IDENTIFIER = "brandnap.lsat-appUITests";
				PRODUCT_NAME = "$(TARGET_NAME)";
				SDKROOT = auto;
				SUPPORTED_PLATFORMS = "iphoneos iphonesimulator macosx";
				SWIFT_EMIT_LOC_STRINGS = NO;
				SWIFT_VERSION = 5.0;
				TARGETED_DEVICE_FAMILY = "1,2";
				TEST_TARGET_NAME = "lsat-app";
			};
			name = Release;
		};
/* End XCBuildConfiguration section */

/* Begin XCConfigurationList section */
		149E1F2A2B4D23D200855D7F /* Build configuration list for PBXProject "lsat-app" */ = {
			isa = XCConfigurationList;
			buildConfigurations = (
				149E1F542B4D23D400855D7F /* Debug */,
				149E1F552B4D23D400855D7F /* Release */,
			);
			defaultConfigurationIsVisible = 0;
			defaultConfigurationName = Release;
		};
		149E1F562B4D23D400855D7F /* Build configuration list for PBXNativeTarget "lsat-app" */ = {
			isa = XCConfigurationList;
			buildConfigurations = (
				149E1F572B4D23D400855D7F /* Debug */,
				149E1F582B4D23D400855D7F /* Release */,
			);
			defaultConfigurationIsVisible = 0;
			defaultConfigurationName = Release;
		};
		149E1F592B4D23D400855D7F /* Build configuration list for PBXNativeTarget "lsat-appTests" */ = {
			isa = XCConfigurationList;
			buildConfigurations = (
				149E1F5A2B4D23D400855D7F /* Debug */,
				149E1F5B2B4D23D400855D7F /* Release */,
			);
			defaultConfigurationIsVisible = 0;
			defaultConfigurationName = Release;
		};
		149E1F5C2B4D23D400855D7F /* Build configuration list for PBXNativeTarget "lsat-appUITests" */ = {
			isa = XCConfigurationList;
			buildConfigurations = (
				149E1F5D2B4D23D400855D7F /* Debug */,
				149E1F5E2B4D23D400855D7F /* Release */,
			);
			defaultConfigurationIsVisible = 0;
			defaultConfigurationName = Release;
		};
/* End XCConfigurationList section */
	};
	rootObject = 149E1F272B4D23D200855D7F /* Project object */;
}
